{
  "name": "DASH",
  "lockfileVersion": 2,
  "requires": true,
  "packages": {
    "": {
      "dependencies": {
        "mux-embed": "^4.14.0"
      }
    },
    "node_modules/mux-embed": {
      "version": "4.14.0",
      "resolved": "https://registry.npmjs.org/mux-embed/-/mux-embed-4.14.0.tgz",
      "integrity": "sha512-z5oS5sSD6dVY+Irp07jkGPVUc9PNLZfRgtfOD1mCUJIV/jRshbr9BLzGHsIxAlstFBP7cKkoKm0mTWMU6YR8Bg=="
    }
  },
  "dependencies": {
    "mux-embed": {
      "version": "4.14.0",
      "resolved": "https://registry.npmjs.org/mux-embed/-/mux-embed-4.14.0.tgz",
      "integrity": "sha512-z5oS5sSD6dVY+Irp07jkGPVUc9PNLZfRgtfOD1mCUJIV/jRshbr9BLzGHsIxAlstFBP7cKkoKm0mTWMU6YR8Bg=="
    }
  }
}
